Microsoft Visual Studio Solution File, Format Version 12.00
# Visual Studio Version 16
VisualStudioVersion = 16.0.29102.190
MinimumVisualStudioVersion = 10.0.40219.1
Project("{2150E333-8FDC-42A3-9474-1A3956D46DE8}") = "src", "src", "{419A6ACE-0419-4315-A6FB-B0E63D39432E}"
EndProject
Project("{9A19103F-16F7-4668-BE54-9A1E7A4F7556}") = "Infrastructure", "src\Infrastructure\Infrastructure.csproj", "{76FBE972-05B8-4E96-9309-8BDC441788C6}"
EndProject
Project("{9A19103F-16F7-4668-BE54-9A1E7A4F7556}") = "ApplicationCore", "src\ApplicationCore\ApplicationCore.csproj", "{D7E4B5B6-5063-45B9-9483-47F815251E6C}"
EndProject
Project("{2150E333-8FDC-42A3-9474-1A3956D46DE8}") = "tests", "tests", "{15EA4737-125B-4E6E-A806-E13B7EBCDCCF}"
	ProjectSection(SolutionItems) = preProject
		CodeCoverage.runsettings = CodeCoverage.runsettings
	EndProjectSection
EndProject
Project("{9A19103F-16F7-4668-BE54-9A1E7A4F7556}") = "UnitTests", "tests\UnitTests\UnitTests.csproj", "{3AE35913-E9F9-4EE4-A619-AE33F5E73A3E}"
EndProject
Project("{9A19103F-16F7-4668-BE54-9A1E7A4F7556}") = "IntegrationTests", "tests\IntegrationTests\IntegrationTests.csproj", "{649231F6-63FA-4AF1-A11F-A61AEF02B0F7}"
EndProject
Project("{9A19103F-16F7-4668-BE54-9A1E7A4F7556}") = "FunctionalTests", "tests\FunctionalTests\FunctionalTests.csproj", "{D71FC7F3-1E6F-41FE-B683-7A4A5E876990}"
EndProject
Project("{2150E333-8FDC-42A3-9474-1A3956D46DE8}") = "Solution Items", "Solution Items", "{0BD72BEA-EF42-4B72-8B69-12A39EC76FBA}"
	ProjectSection(SolutionItems) = preProject
		docker-compose.override.yml = docker-compose.override.yml
		docker-compose.yml = docker-compose.yml
		README.md = README.md
	EndProjectSection
EndProject
Project("{9A19103F-16F7-4668-BE54-9A1E7A4F7556}") = "Web", "src\Web\Web.csproj", "{9FA02117-2C63-4C0E-96F0-F57844505C90}"
EndProject
Project("{FAE04EC0-301F-11D3-BF4B-00C04F79EFBC}") = "SmokeTests", "tests\SmokeTests\SmokeTests.csproj", "{BBC82570-6D7E-4834-A338-E2DFA67FFE61}"
EndProject
Global
	GlobalSection(SolutionConfigurationPlatforms) = preSolution
		Debug|Any CPU = Debug|Any CPU
		Release|Any CPU = Release|Any CPU
	EndGlobalSection
	GlobalSection(ProjectConfigurationPlatforms) = postSolution
		{76FBE972-05B8-4E96-9309-8BDC441788C6}.Debug|Any CPU.ActiveCfg = Debug|Any CPU
		{76FBE972-05B8-4E96-9309-8BDC441788C6}.Debug|Any CPU.Build.0 = Debug|Any CPU
		{76FBE972-05B8-4E96-9309-8BDC441788C6}.Release|Any CPU.ActiveCfg = Release|Any CPU
		{76FBE972-05B8-4E96-9309-8BDC441788C6}.Release|Any CPU.Build.0 = Release|Any CPU
		{D7E4B5B6-5063-45B9-9483-47F815251E6C}.Debug|Any CPU.ActiveCfg = Debug|Any CPU
		{D7E4B5B6-5063-45B9-9483-47F815251E6C}.Debug|Any CPU.Build.0 = Debug|Any CPU
		{D7E4B5B6-5063-45B9-9483-47F815251E6C}.Release|Any CPU.ActiveCfg = Release|Any CPU
		{D7E4B5B6-5063-45B9-9483-47F815251E6C}.Release|Any CPU.Build.0 = Release|Any CPU
		{3AE35913-E9F9-4EE4-A619-AE33F5E73A3E}.Debug|Any CPU.ActiveCfg = Debug|Any CPU
		{3AE35913-E9F9-4EE4-A619-AE33F5E73A3E}.Debug|Any CPU.Build.0 = Debug|Any CPU
		{3AE35913-E9F9-4EE4-A619-AE33F5E73A3E}.Release|Any CPU.ActiveCfg = Release|Any CPU
		{3AE35913-E9F9-4EE4-A619-AE33F5E73A3E}.Release|Any CPU.Build.0 = Release|Any CPU
		{649231F6-63FA-4AF1-A11F-A61AEF02B0F7}.Debug|Any CPU.ActiveCfg = Debug|Any CPU
		{649231F6-63FA-4AF1-A11F-A61AEF02B0F7}.Debug|Any CPU.Build.0 = Debug|Any CPU
		{649231F6-63FA-4AF1-A11F-A61AEF02B0F7}.Release|Any CPU.ActiveCfg = Release|Any CPU
		{649231F6-63FA-4AF1-A11F-A61AEF02B0F7}.Release|Any CPU.Build.0 = Release|Any CPU
		{D71FC7F3-1E6F-41FE-B683-7A4A5E876990}.Debug|Any CPU.ActiveCfg = Debug|Any CPU
		{D71FC7F3-1E6F-41FE-B683-7A4A5E876990}.Debug|Any CPU.Build.0 = Debug|Any CPU
		{D71FC7F3-1E6F-41FE-B683-7A4A5E876990}.Release|Any CPU.ActiveCfg = Release|Any CPU
		{D71FC7F3-1E6F-41FE-B683-7A4A5E876990}.Release|Any CPU.Build.0 = Release|Any CPU
		{9FA02117-2C63-4C0E-96F0-F57844505C90}.Debug|Any CPU.ActiveCfg = Debug|Any CPU
		{9FA02117-2C63-4C0E-96F0-F57844505C90}.Debug|Any CPU.Build.0 = Debug|Any CPU
		{9FA02117-2C63-4C0E-96F0-F57844505C90}.Release|Any CPU.ActiveCfg = Release|Any CPU
		{9FA02117-2C63-4C0E-96F0-F57844505C90}.Release|Any CPU.Build.0 = Release|Any CPU
		{BBC82570-6D7E-4834-A338-E2DFA67FFE61}.Debug|Any CPU.ActiveCfg = Debug|Any CPU
		{BBC82570-6D7E-4834-A338-E2DFA67FFE61}.Debug|Any CPU.Build.0 = Debug|Any CPU
		{BBC82570-6D7E-4834-A338-E2DFA67FFE61}.Release|Any CPU.ActiveCfg = Release|Any CPU
		{BBC82570-6D7E-4834-A338-E2DFA67FFE61}.Release|Any CPU.Build.0 = Release|Any CPU
	EndGlobalSection
	GlobalSection(SolutionProperties) = preSolution
		HideSolutionNode = FALSE
	EndGlobalSection
	GlobalSection(NestedProjects) = preSolution
		{76FBE972-05B8-4E96-9309-8BDC441788C6} = {419A6ACE-0419-4315-A6FB-B0E63D39432E}
		{D7E4B5B6-5063-45B9-9483-47F815251E6C} = {419A6ACE-0419-4315-A6FB-B0E63D39432E}
		{3AE35913-E9F9-4EE4-A619-AE33F5E73A3E} = {15EA4737-125B-4E6E-A806-E13B7EBCDCCF}
		{649231F6-63FA-4AF1-A11F-A61AEF02B0F7} = {15EA4737-125B-4E6E-A806-E13B7EBCDCCF}
		{D71FC7F3-1E6F-41FE-B683-7A4A5E876990} = {15EA4737-125B-4E6E-A806-E13B7EBCDCCF}
		{9FA02117-2C63-4C0E-96F0-F57844505C90} = {419A6ACE-0419-4315-A6FB-B0E63D39432E}
		{BBC82570-6D7E-4834-A338-E2DFA67FFE61} = {15EA4737-125B-4E6E-A806-E13B7EBCDCCF}
	EndGlobalSection
	GlobalSection(ExtensibilityGlobals) = postSolution
		SolutionGuid = {49813262-5DA3-4D61-ABD3-493C74CE8C2B}
	EndGlobalSection
EndGlobal
